{
    "_readme": [
        "This file locks the dependencies of your project to a known state",
        "Read more about it at https://getcomposer.org/doc/01-basic-usage.md#composer-lock-the-lock-file",
        "This file is @generated automatically"
    ],
    "hash": "a710cc90759e099eab7013715c8dae2d",
    "content-hash": "3c005bc4c350bb302d75f1576ea50617",
    "packages": [
        {
            "name": "athlon1600/php-proxy",
            "version": "dev-master",
            "source": {
                "type": "git",
                "url": "https://github.com/Athlon1600/php-proxy.git",
                "reference": "de652ccea300d122cc94fe89d0583ebda5430c8d"
            },
            "dist": {
                "type": "zip",
                "url": "https://api.github.com/repos/Athlon1600/php-proxy/zipball/de652ccea300d122cc94fe89d0583ebda5430c8d",
                "reference": "de652ccea300d122cc94fe89d0583ebda5430c8d",
                "shasum": ""
            },
            "require": {
                "ext-curl": "*",
                "symfony/event-dispatcher": "~2.6"
            },
            "suggest": {
                "predis/predis": "For caching purposes"
            },
            "type": "library",
            "autoload": {
                "psr-4": {
                    "Proxy\\": "src/"
                },
                "files": [
                    "src/helpers.php"
                ]
            },
            "notification-url": "https://packagist.org/downloads/",
            "homepage": "https://www.php-proxy.com/",
            "keywords": [
                "php proxy",
                "php web proxy",
                "proxy script",
                "web proxy"
            ],
            "time": "2016-09-05 20:37:59"
        },
        {
            "name": "symfony/event-dispatcher",
            "version": "v2.8.13",
            "source": {
                "type": "git",
                "url": "https://github.com/symfony/event-dispatcher.git",
                "reference": "25c576abd4e0f212e678fe8b2bd9a9a98c7ea934"
            },
            "dist": {
                "type": "zip",
                "url": "https://api.github.com/repos/symfony/event-dispatcher/zipball/25c576abd4e0f212e678fe8b2bd9a9a98c7ea934",
                "reference": "25c576abd4e0f212e678fe8b2bd9a9a98c7ea934",
                "shasum": ""
            },
            "require": {
                "php": ">=5.3.9"
            },
            "require-dev": {
                "psr/log": "~1.0",
                "symfony/config": "~2.0,>=2.0.5|~3.0.0",
                "symfony/dependency-injection": "~2.6|~3.0.0",
                "symfony/expression-language": "~2.6|~3.0.0",
                "symfony/stopwatch": "~2.3|~3.0.0"
            },
            "suggest": {
                "symfony/dependency-injection": "",
                "symfony/http-kernel": ""
            },
            "type": "library",
            "extra": {
                "branch-alias": {
                    "dev-master": "2.8-dev"
                }
            },
            "autoload": {
                "psr-4": {
                    "Symfony\\Component\\EventDispatcher\\": ""
                },
                "exclude-from-classmap": [
                    "/Tests/"
                ]
            },
            "notification-url": "https://packagist.org/downloads/",
            "license": [
                "MIT"
            ],
            "authors": [
                {
                    "name": "Fabien Potencier",
                    "email": "fabien@symfony.com"
                },
                {
                    "name": "Symfony Community",
                    "homepage": "https://symfony.com/contributors"
                }
            ],
            "description": "Symfony EventDispatcher Component",
            "homepage": "https://symfony.com",
            "time": "2016-10-13 01:43:15"
        }
    ],
    "packages-dev": [],
    "aliases": [],
    "minimum-stability": "stable",
    "stability-flags": {
        "athlon1600/php-proxy": 20
    },
    "prefer-stable": false,
    "prefer-lowest": false,
    "platform": [],
    "platform-dev": []
}
